
Microsoft Visual Studio Solution File, Format Version 12.00
# Visual Studio Version 16
VisualStudioVersion = 16.0.31005.135
MinimumVisualStudioVersion = 10.0.40219.1
Project("{FAE04EC0-301F-11D3-BF4B-00C04F79EFBC}") = "server-signalR", "server-signalR.csproj", "{B7CFE88A-B34A-49ED-8C47-D8C00D543B0D}"
EndProject
Global
	GlobalSection(SolutionConfigurationPlatforms) = preSolution
		Debug|Any CPU = Debug|Any CPU
		Release|Any CPU = Release|Any CPU
	EndGlobalSection
	GlobalSection(ProjectConfigurationPlatforms) = postSolution
		{B7CFE88A-B34A-49ED-8C47-D8C00D543B0D}.Debug|Any CPU.ActiveCfg = Debug|Any CPU
		{B7CFE88A-B34A-49ED-8C47-D8C00D543B0D}.Debug|Any CPU.Build.0 = Debug|Any CPU
		{B7CFE88A-B34A-49ED-8C47-D8C00D543B0D}.Release|Any CPU.ActiveCfg = Release|Any CPU
		{B7CFE88A-B34A-49ED-8C47-D8C00D543B0D}.Release|Any CPU.Build.0 = Release|Any CPU
	EndGlobalSection
	GlobalSection(SolutionProperties) = preSolution
		HideSolutionNode = FALSE
	EndGlobalSection
	GlobalSection(ExtensibilityGlobals) = postSolution
		SolutionGuid = {74E59CE6-8667-4127-A616-22E35BED7351}
	EndGlobalSection
EndGlobal
